
Microsoft Visual Studio Solution File, Format Version 12.00
# Visual Studio Version 16
VisualStudioVersion = 16.0.29020.237
MinimumVisualStudioVersion = 10.0.40219.1
Project("{9A19103F-16F7-4668-BE54-9A1E7A4F7556}") = "AwakenServer.Domain", "src\AwakenServer.Domain\AwakenServer.Domain.csproj", "{554AD327-6DBA-4F8F-96F8-81CE7A0C863F}"
EndProject
Project("{9A19103F-16F7-4668-BE54-9A1E7A4F7556}") = "AwakenServer.Application", "src\AwakenServer.Application\AwakenServer.Application.csproj", "{1A94A50E-06DC-43C1-80B5-B662820EC3EB}"
EndProject
Project("{9A19103F-16F7-4668-BE54-9A1E7A4F7556}") = "AwakenServer.EntityFrameworkCore", "src\AwakenServer.EntityFrameworkCore\AwakenServer.EntityFrameworkCore.csproj", "{C956DD76-69C8-4A9C-83EA-D17DF83340FD}"
EndProject
Project("{2150E333-8FDC-42A3-9474-1A3956D46DE8}") = "src", "src", "{CA9AC87F-097E-4F15-8393-4BC07735A5B0}"
EndProject
Project("{2150E333-8FDC-42A3-9474-1A3956D46DE8}") = "test", "test", "{04DBDB01-70F4-4E06-B468-8F87850B22BE}"
EndProject
Project("{9A19103F-16F7-4668-BE54-9A1E7A4F7556}") = "AwakenServer.Application.Tests", "test\AwakenServer.Application.Tests\AwakenServer.Application.Tests.csproj", "{50B2631D-129C-47B3-A587-029CCD6099BC}"
EndProject
Project("{9A19103F-16F7-4668-BE54-9A1E7A4F7556}") = "AwakenServer.Domain.Shared", "src\AwakenServer.Domain.Shared\AwakenServer.Domain.Shared.csproj", "{42F719ED-8413-4895-B5B4-5AB56079BC66}"
EndProject
Project("{9A19103F-16F7-4668-BE54-9A1E7A4F7556}") = "AwakenServer.Application.Contracts", "src\AwakenServer.Application.Contracts\AwakenServer.Application.Contracts.csproj", "{520659C8-C734-4298-A3DA-B539DB9DFC0B}"
EndProject
Project("{9A19103F-16F7-4668-BE54-9A1E7A4F7556}") = "AwakenServer.HttpApi", "src\AwakenServer.HttpApi\AwakenServer.HttpApi.csproj", "{4164BDF7-F527-4E85-9CE6-E3C2D7426A27}"
EndProject
Project("{9A19103F-16F7-4668-BE54-9A1E7A4F7556}") = "AwakenServer.HttpApi.Client", "src\AwakenServer.HttpApi.Client\AwakenServer.HttpApi.Client.csproj", "{3B5A0094-670D-4BB1-BFDD-61B88A8773DC}"
EndProject
Project("{9A19103F-16F7-4668-BE54-9A1E7A4F7556}") = "AwakenServer.IdentityServer", "src\AwakenServer.IdentityServer\AwakenServer.IdentityServer.csproj", "{073C361E-B8F4-49F5-93CC-72A3FF49C026}"
EndProject
Project("{9A19103F-16F7-4668-BE54-9A1E7A4F7556}") = "AwakenServer.HttpApi.Host", "src\AwakenServer.HttpApi.Host\AwakenServer.HttpApi.Host.csproj", "{E6D5BF0E-DE92-4D82-A352-EF04B37CB11C}"
EndProject
Project("{9A19103F-16F7-4668-BE54-9A1E7A4F7556}") = "AwakenServer.EntityFrameworkCore.Tests", "test\AwakenServer.EntityFrameworkCore.Tests\AwakenServer.EntityFrameworkCore.Tests.csproj", "{1FE30EB9-74A9-47F5-A9F6-7B1FAB672D81}"
EndProject
Project("{9A19103F-16F7-4668-BE54-9A1E7A4F7556}") = "AwakenServer.TestBase", "test\AwakenServer.TestBase\AwakenServer.TestBase.csproj", "{91853F21-9CD9-4132-BC29-A7D5D84FFFE7}"
EndProject
Project("{9A19103F-16F7-4668-BE54-9A1E7A4F7556}") = "AwakenServer.Domain.Tests", "test\AwakenServer.Domain.Tests\AwakenServer.Domain.Tests.csproj", "{E512F4D9-9375-480F-A2F6-A46509F9D824}"
EndProject
Project("{9A19103F-16F7-4668-BE54-9A1E7A4F7556}") = "AwakenServer.HttpApi.Client.ConsoleTestApp", "test\AwakenServer.HttpApi.Client.ConsoleTestApp\AwakenServer.HttpApi.Client.ConsoleTestApp.csproj", "{EF480016-9127-4916-8735-D2466BDBC582}"
EndProject
Project("{9A19103F-16F7-4668-BE54-9A1E7A4F7556}") = "AwakenServer.DbMigrator", "src\AwakenServer.DbMigrator\AwakenServer.DbMigrator.csproj", "{AA94D832-1CCC-4715-95A9-A483F23A1A5D}"
EndProject
Project("{FAE04EC0-301F-11D3-BF4B-00C04F79EFBC}") = "AwakenServer.Worker", "src\AwakenServer.Worker\AwakenServer.Worker.csproj", "{26F16C9D-286E-4A2D-B898-725D45C2155F}"
EndProject
Project("{FAE04EC0-301F-11D3-BF4B-00C04F79EFBC}") = "AwakenServer.ContractEventHandler.Core", "src\AwakenServer.ContractEventHandler.Core\AwakenServer.ContractEventHandler.Core.csproj", "{022A6AFA-5FA7-4027-8C77-A6565BA5C660}"
EndProject
Project("{FAE04EC0-301F-11D3-BF4B-00C04F79EFBC}") = "AwakenServer.EntityHandler", "src\AwakenServer.EntityHandler\AwakenServer.EntityHandler.csproj", "{AE5A27AD-07AD-4011-AA25-E8EB5BDC9465}"
EndProject
Project("{FAE04EC0-301F-11D3-BF4B-00C04F79EFBC}") = "AwakenServer.EntityHandler.Core", "src\AwakenServer.EntityHandler.Core\AwakenServer.EntityHandler.Core.csproj", "{8738AD94-1ADF-4F68-99ED-FD52831C6D0C}"
EndProject
Project("{FAE04EC0-301F-11D3-BF4B-00C04F79EFBC}") = "AwakenServer.ContractEventHandler", "src\AwakenServer.ContractEventHandler\AwakenServer.ContractEventHandler.csproj", "{7777D44B-77F7-4C13-AA42-674B8D9E9E15}"
EndProject
Project("{FAE04EC0-301F-11D3-BF4B-00C04F79EFBC}") = "AwakenServer.ContractEventHandler.Core.Tests", "test\AwakenServer.ContractEventHandler.Core.Tests\AwakenServer.ContractEventHandler.Core.Tests.csproj", "{331F1EF4-F4E3-4866-AF6C-593EB648141F}"
EndProject
Project("{FAE04EC0-301F-11D3-BF4B-00C04F79EFBC}") = "AwakenServer.Silo", "src\AwakenServer.Silo\AwakenServer.Silo.csproj", "{52348219-6603-4B3C-9190-6FDCE400D649}"
EndProject
Project("{FAE04EC0-301F-11D3-BF4B-00C04F79EFBC}") = "AwakenServer.Grains", "src\AwakenServer.Grains\AwakenServer.Grains.csproj", "{948AA2E5-0B95-4454-AD66-B9D7F6A0966A}"
EndProject
Project("{FAE04EC0-301F-11D3-BF4B-00C04F79EFBC}") = "AwakenServer.Grains.Tests", "test\AwakenServer.Grains.Tests\AwakenServer.Grains.Tests.csproj", "{4B6CC556-431A-4008-9E6A-C3FAE5CCE373}"
EndProject
Project("{FAE04EC0-301F-11D3-BF4B-00C04F79EFBC}") = "AwakenServer.CoinGeckoApi", "src\AwakenServer.CoinGeckoApi\AwakenServer.CoinGeckoApi.csproj", "{C1CFF7C0-6611-400F-BCE7-DF35097660A1}"
EndProject
Global
	GlobalSection(SolutionConfigurationPlatforms) = preSolution
		Debug|Any CPU = Debug|Any CPU
		Release|Any CPU = Release|Any CPU
	EndGlobalSection
	GlobalSection(ProjectConfigurationPlatforms) = postSolution
		{554AD327-6DBA-4F8F-96F8-81CE7A0C863F}.Debug|Any CPU.ActiveCfg = Debug|Any CPU
		{554AD327-6DBA-4F8F-96F8-81CE7A0C863F}.Debug|Any CPU.Build.0 = Debug|Any CPU
		{554AD327-6DBA-4F8F-96F8-81CE7A0C863F}.Release|Any CPU.ActiveCfg = Release|Any CPU
		{554AD327-6DBA-4F8F-96F8-81CE7A0C863F}.Release|Any CPU.Build.0 = Release|Any CPU
		{1A94A50E-06DC-43C1-80B5-B662820EC3EB}.Debug|Any CPU.ActiveCfg = Debug|Any CPU
		{1A94A50E-06DC-43C1-80B5-B662820EC3EB}.Debug|Any CPU.Build.0 = Debug|Any CPU
		{1A94A50E-06DC-43C1-80B5-B662820EC3EB}.Release|Any CPU.ActiveCfg = Release|Any CPU
		{1A94A50E-06DC-43C1-80B5-B662820EC3EB}.Release|Any CPU.Build.0 = Release|Any CPU
		{C956DD76-69C8-4A9C-83EA-D17DF83340FD}.Debug|Any CPU.ActiveCfg = Debug|Any CPU
		{C956DD76-69C8-4A9C-83EA-D17DF83340FD}.Debug|Any CPU.Build.0 = Debug|Any CPU
		{C956DD76-69C8-4A9C-83EA-D17DF83340FD}.Release|Any CPU.ActiveCfg = Release|Any CPU
		{C956DD76-69C8-4A9C-83EA-D17DF83340FD}.Release|Any CPU.Build.0 = Release|Any CPU
		{50B2631D-129C-47B3-A587-029CCD6099BC}.Debug|Any CPU.ActiveCfg = Debug|Any CPU
		{50B2631D-129C-47B3-A587-029CCD6099BC}.Debug|Any CPU.Build.0 = Debug|Any CPU
		{50B2631D-129C-47B3-A587-029CCD6099BC}.Release|Any CPU.ActiveCfg = Release|Any CPU
		{50B2631D-129C-47B3-A587-029CCD6099BC}.Release|Any CPU.Build.0 = Release|Any CPU
		{42F719ED-8413-4895-B5B4-5AB56079BC66}.Debug|Any CPU.ActiveCfg = Debug|Any CPU
		{42F719ED-8413-4895-B5B4-5AB56079BC66}.Debug|Any CPU.Build.0 = Debug|Any CPU
		{42F719ED-8413-4895-B5B4-5AB56079BC66}.Release|Any CPU.ActiveCfg = Release|Any CPU
		{42F719ED-8413-4895-B5B4-5AB56079BC66}.Release|Any CPU.Build.0 = Release|Any CPU
		{520659C8-C734-4298-A3DA-B539DB9DFC0B}.Debug|Any CPU.ActiveCfg = Debug|Any CPU
		{520659C8-C734-4298-A3DA-B539DB9DFC0B}.Debug|Any CPU.Build.0 = Debug|Any CPU
		{520659C8-C734-4298-A3DA-B539DB9DFC0B}.Release|Any CPU.ActiveCfg = Release|Any CPU
		{520659C8-C734-4298-A3DA-B539DB9DFC0B}.Release|Any CPU.Build.0 = Release|Any CPU
		{4164BDF7-F527-4E85-9CE6-E3C2D7426A27}.Debug|Any CPU.ActiveCfg = Debug|Any CPU
		{4164BDF7-F527-4E85-9CE6-E3C2D7426A27}.Debug|Any CPU.Build.0 = Debug|Any CPU
		{4164BDF7-F527-4E85-9CE6-E3C2D7426A27}.Release|Any CPU.ActiveCfg = Release|Any CPU
		{4164BDF7-F527-4E85-9CE6-E3C2D7426A27}.Release|Any CPU.Build.0 = Release|Any CPU
		{3B5A0094-670D-4BB1-BFDD-61B88A8773DC}.Debug|Any CPU.ActiveCfg = Debug|Any CPU
		{3B5A0094-670D-4BB1-BFDD-61B88A8773DC}.Debug|Any CPU.Build.0 = Debug|Any CPU
		{3B5A0094-670D-4BB1-BFDD-61B88A8773DC}.Release|Any CPU.ActiveCfg = Release|Any CPU
		{3B5A0094-670D-4BB1-BFDD-61B88A8773DC}.Release|Any CPU.Build.0 = Release|Any CPU
		{073C361E-B8F4-49F5-93CC-72A3FF49C026}.Debug|Any CPU.ActiveCfg = Debug|Any CPU
		{073C361E-B8F4-49F5-93CC-72A3FF49C026}.Debug|Any CPU.Build.0 = Debug|Any CPU
		{073C361E-B8F4-49F5-93CC-72A3FF49C026}.Release|Any CPU.ActiveCfg = Release|Any CPU
		{073C361E-B8F4-49F5-93CC-72A3FF49C026}.Release|Any CPU.Build.0 = Release|Any CPU
		{E6D5BF0E-DE92-4D82-A352-EF04B37CB11C}.Debug|Any CPU.ActiveCfg = Debug|Any CPU
		{E6D5BF0E-DE92-4D82-A352-EF04B37CB11C}.Debug|Any CPU.Build.0 = Debug|Any CPU
		{E6D5BF0E-DE92-4D82-A352-EF04B37CB11C}.Release|Any CPU.ActiveCfg = Release|Any CPU
		{E6D5BF0E-DE92-4D82-A352-EF04B37CB11C}.Release|Any CPU.Build.0 = Release|Any CPU
		{1FE30EB9-74A9-47F5-A9F6-7B1FAB672D81}.Debug|Any CPU.ActiveCfg = Debug|Any CPU
		{1FE30EB9-74A9-47F5-A9F6-7B1FAB672D81}.Debug|Any CPU.Build.0 = Debug|Any CPU
		{1FE30EB9-74A9-47F5-A9F6-7B1FAB672D81}.Release|Any CPU.ActiveCfg = Release|Any CPU
		{1FE30EB9-74A9-47F5-A9F6-7B1FAB672D81}.Release|Any CPU.Build.0 = Release|Any CPU
		{91853F21-9CD9-4132-BC29-A7D5D84FFFE7}.Debug|Any CPU.ActiveCfg = Debug|Any CPU
		{91853F21-9CD9-4132-BC29-A7D5D84FFFE7}.Debug|Any CPU.Build.0 = Debug|Any CPU
		{91853F21-9CD9-4132-BC29-A7D5D84FFFE7}.Release|Any CPU.ActiveCfg = Release|Any CPU
		{91853F21-9CD9-4132-BC29-A7D5D84FFFE7}.Release|Any CPU.Build.0 = Release|Any CPU
		{E512F4D9-9375-480F-A2F6-A46509F9D824}.Debug|Any CPU.ActiveCfg = Debug|Any CPU
		{E512F4D9-9375-480F-A2F6-A46509F9D824}.Debug|Any CPU.Build.0 = Debug|Any CPU
		{E512F4D9-9375-480F-A2F6-A46509F9D824}.Release|Any CPU.ActiveCfg = Release|Any CPU
		{E512F4D9-9375-480F-A2F6-A46509F9D824}.Release|Any CPU.Build.0 = Release|Any CPU
		{EF480016-9127-4916-8735-D2466BDBC582}.Debug|Any CPU.ActiveCfg = Debug|Any CPU
		{EF480016-9127-4916-8735-D2466BDBC582}.Debug|Any CPU.Build.0 = Debug|Any CPU
		{EF480016-9127-4916-8735-D2466BDBC582}.Release|Any CPU.ActiveCfg = Release|Any CPU
		{EF480016-9127-4916-8735-D2466BDBC582}.Release|Any CPU.Build.0 = Release|Any CPU
		{AA94D832-1CCC-4715-95A9-A483F23A1A5D}.Debug|Any CPU.ActiveCfg = Debug|Any CPU
		{AA94D832-1CCC-4715-95A9-A483F23A1A5D}.Debug|Any CPU.Build.0 = Debug|Any CPU
		{AA94D832-1CCC-4715-95A9-A483F23A1A5D}.Release|Any CPU.ActiveCfg = Release|Any CPU
		{AA94D832-1CCC-4715-95A9-A483F23A1A5D}.Release|Any CPU.Build.0 = Release|Any CPU
		{26F16C9D-286E-4A2D-B898-725D45C2155F}.Debug|Any CPU.ActiveCfg = Debug|Any CPU
		{26F16C9D-286E-4A2D-B898-725D45C2155F}.Debug|Any CPU.Build.0 = Debug|Any CPU
		{26F16C9D-286E-4A2D-B898-725D45C2155F}.Release|Any CPU.ActiveCfg = Release|Any CPU
		{26F16C9D-286E-4A2D-B898-725D45C2155F}.Release|Any CPU.Build.0 = Release|Any CPU
		{022A6AFA-5FA7-4027-8C77-A6565BA5C660}.Debug|Any CPU.ActiveCfg = Debug|Any CPU
		{022A6AFA-5FA7-4027-8C77-A6565BA5C660}.Debug|Any CPU.Build.0 = Debug|Any CPU
		{022A6AFA-5FA7-4027-8C77-A6565BA5C660}.Release|Any CPU.ActiveCfg = Release|Any CPU
		{022A6AFA-5FA7-4027-8C77-A6565BA5C660}.Release|Any CPU.Build.0 = Release|Any CPU
		{AE5A27AD-07AD-4011-AA25-E8EB5BDC9465}.Debug|Any CPU.ActiveCfg = Debug|Any CPU
		{AE5A27AD-07AD-4011-AA25-E8EB5BDC9465}.Debug|Any CPU.Build.0 = Debug|Any CPU
		{AE5A27AD-07AD-4011-AA25-E8EB5BDC9465}.Release|Any CPU.ActiveCfg = Release|Any CPU
		{AE5A27AD-07AD-4011-AA25-E8EB5BDC9465}.Release|Any CPU.Build.0 = Release|Any CPU
		{8738AD94-1ADF-4F68-99ED-FD52831C6D0C}.Debug|Any CPU.ActiveCfg = Debug|Any CPU
		{8738AD94-1ADF-4F68-99ED-FD52831C6D0C}.Debug|Any CPU.Build.0 = Debug|Any CPU
		{8738AD94-1ADF-4F68-99ED-FD52831C6D0C}.Release|Any CPU.ActiveCfg = Release|Any CPU
		{8738AD94-1ADF-4F68-99ED-FD52831C6D0C}.Release|Any CPU.Build.0 = Release|Any CPU
		{7777D44B-77F7-4C13-AA42-674B8D9E9E15}.Debug|Any CPU.ActiveCfg = Debug|Any CPU
		{7777D44B-77F7-4C13-AA42-674B8D9E9E15}.Debug|Any CPU.Build.0 = Debug|Any CPU
		{7777D44B-77F7-4C13-AA42-674B8D9E9E15}.Release|Any CPU.ActiveCfg = Release|Any CPU
		{7777D44B-77F7-4C13-AA42-674B8D9E9E15}.Release|Any CPU.Build.0 = Release|Any CPU
		{331F1EF4-F4E3-4866-AF6C-593EB648141F}.Debug|Any CPU.ActiveCfg = Debug|Any CPU
		{331F1EF4-F4E3-4866-AF6C-593EB648141F}.Debug|Any CPU.Build.0 = Debug|Any CPU
		{331F1EF4-F4E3-4866-AF6C-593EB648141F}.Release|Any CPU.ActiveCfg = Release|Any CPU
		{331F1EF4-F4E3-4866-AF6C-593EB648141F}.Release|Any CPU.Build.0 = Release|Any CPU
		{52348219-6603-4B3C-9190-6FDCE400D649}.Debug|Any CPU.ActiveCfg = Debug|Any CPU
		{52348219-6603-4B3C-9190-6FDCE400D649}.Debug|Any CPU.Build.0 = Debug|Any CPU
		{52348219-6603-4B3C-9190-6FDCE400D649}.Release|Any CPU.ActiveCfg = Release|Any CPU
		{52348219-6603-4B3C-9190-6FDCE400D649}.Release|Any CPU.Build.0 = Release|Any CPU
		{948AA2E5-0B95-4454-AD66-B9D7F6A0966A}.Debug|Any CPU.ActiveCfg = Debug|Any CPU
		{948AA2E5-0B95-4454-AD66-B9D7F6A0966A}.Debug|Any CPU.Build.0 = Debug|Any CPU
		{948AA2E5-0B95-4454-AD66-B9D7F6A0966A}.Release|Any CPU.ActiveCfg = Release|Any CPU
		{948AA2E5-0B95-4454-AD66-B9D7F6A0966A}.Release|Any CPU.Build.0 = Release|Any CPU
		{4B6CC556-431A-4008-9E6A-C3FAE5CCE373}.Debug|Any CPU.ActiveCfg = Debug|Any CPU
		{4B6CC556-431A-4008-9E6A-C3FAE5CCE373}.Debug|Any CPU.Build.0 = Debug|Any CPU
		{4B6CC556-431A-4008-9E6A-C3FAE5CCE373}.Release|Any CPU.ActiveCfg = Release|Any CPU
		{4B6CC556-431A-4008-9E6A-C3FAE5CCE373}.Release|Any CPU.Build.0 = Release|Any CPU
		{C1CFF7C0-6611-400F-BCE7-DF35097660A1}.Debug|Any CPU.ActiveCfg = Debug|Any CPU
		{C1CFF7C0-6611-400F-BCE7-DF35097660A1}.Debug|Any CPU.Build.0 = Debug|Any CPU
		{C1CFF7C0-6611-400F-BCE7-DF35097660A1}.Release|Any CPU.ActiveCfg = Release|Any CPU
		{C1CFF7C0-6611-400F-BCE7-DF35097660A1}.Release|Any CPU.Build.0 = Release|Any CPU
	EndGlobalSection
	GlobalSection(SolutionProperties) = preSolution
		HideSolutionNode = FALSE
	EndGlobalSection
	GlobalSection(NestedProjects) = preSolution
		{554AD327-6DBA-4F8F-96F8-81CE7A0C863F} = {CA9AC87F-097E-4F15-8393-4BC07735A5B0}
		{1A94A50E-06DC-43C1-80B5-B662820EC3EB} = {CA9AC87F-097E-4F15-8393-4BC07735A5B0}
		{C956DD76-69C8-4A9C-83EA-D17DF83340FD} = {CA9AC87F-097E-4F15-8393-4BC07735A5B0}
		{50B2631D-129C-47B3-A587-029CCD6099BC} = {04DBDB01-70F4-4E06-B468-8F87850B22BE}
		{42F719ED-8413-4895-B5B4-5AB56079BC66} = {CA9AC87F-097E-4F15-8393-4BC07735A5B0}
		{520659C8-C734-4298-A3DA-B539DB9DFC0B} = {CA9AC87F-097E-4F15-8393-4BC07735A5B0}
		{4164BDF7-F527-4E85-9CE6-E3C2D7426A27} = {CA9AC87F-097E-4F15-8393-4BC07735A5B0}
		{3B5A0094-670D-4BB1-BFDD-61B88A8773DC} = {CA9AC87F-097E-4F15-8393-4BC07735A5B0}
		{073C361E-B8F4-49F5-93CC-72A3FF49C026} = {CA9AC87F-097E-4F15-8393-4BC07735A5B0}
		{E6D5BF0E-DE92-4D82-A352-EF04B37CB11C} = {CA9AC87F-097E-4F15-8393-4BC07735A5B0}
		{1FE30EB9-74A9-47F5-A9F6-7B1FAB672D81} = {04DBDB01-70F4-4E06-B468-8F87850B22BE}
		{91853F21-9CD9-4132-BC29-A7D5D84FFFE7} = {04DBDB01-70F4-4E06-B468-8F87850B22BE}
		{E512F4D9-9375-480F-A2F6-A46509F9D824} = {04DBDB01-70F4-4E06-B468-8F87850B22BE}
		{EF480016-9127-4916-8735-D2466BDBC582} = {04DBDB01-70F4-4E06-B468-8F87850B22BE}
		{AA94D832-1CCC-4715-95A9-A483F23A1A5D} = {CA9AC87F-097E-4F15-8393-4BC07735A5B0}
		{26F16C9D-286E-4A2D-B898-725D45C2155F} = {CA9AC87F-097E-4F15-8393-4BC07735A5B0}
		{022A6AFA-5FA7-4027-8C77-A6565BA5C660} = {CA9AC87F-097E-4F15-8393-4BC07735A5B0}
		{AE5A27AD-07AD-4011-AA25-E8EB5BDC9465} = {CA9AC87F-097E-4F15-8393-4BC07735A5B0}
		{8738AD94-1ADF-4F68-99ED-FD52831C6D0C} = {CA9AC87F-097E-4F15-8393-4BC07735A5B0}
		{7777D44B-77F7-4C13-AA42-674B8D9E9E15} = {CA9AC87F-097E-4F15-8393-4BC07735A5B0}
		{331F1EF4-F4E3-4866-AF6C-593EB648141F} = {04DBDB01-70F4-4E06-B468-8F87850B22BE}
		{52348219-6603-4B3C-9190-6FDCE400D649} = {CA9AC87F-097E-4F15-8393-4BC07735A5B0}
		{948AA2E5-0B95-4454-AD66-B9D7F6A0966A} = {CA9AC87F-097E-4F15-8393-4BC07735A5B0}
		{4B6CC556-431A-4008-9E6A-C3FAE5CCE373} = {04DBDB01-70F4-4E06-B468-8F87850B22BE}
		{C1CFF7C0-6611-400F-BCE7-DF35097660A1} = {CA9AC87F-097E-4F15-8393-4BC07735A5B0}
	EndGlobalSection
	GlobalSection(ExtensibilityGlobals) = postSolution
		SolutionGuid = {28315BFD-90E7-4E14-A2EA-F3D23AF4126F}
	EndGlobalSection
EndGlobal
